
Microsoft Visual Studio Solution File, Format Version 12.00
# Visual Studio Version 17
VisualStudioVersion = 17.13.35617.110
MinimumVisualStudioVersion = 10.0.40219.1
Project("{FAE04EC0-301F-11D3-BF4B-00C04F79EFBC}") = "SpawnDev.BlazorJS.TransformersJS.Demo", "SpawnDev.BlazorJS.TransformersJS.Demo\SpawnDev.BlazorJS.TransformersJS.Demo.csproj", "{0F35172D-CC9D-46A1-89A9-02AE3C7C6FA6}"
EndProject
Project("{FAE04EC0-301F-11D3-BF4B-00C04F79EFBC}") = "SpawnDev.BlazorJS.TransformersJS", "SpawnDev.BlazorJS.TransformersJS\SpawnDev.BlazorJS.TransformersJS.csproj", "{154FE4BC-2B4D-497F-B454-EB0B75890497}"
EndProject
Global
	GlobalSection(SolutionConfigurationPlatforms) = preSolution
		Debug|Any CPU = Debug|Any CPU
		Release|Any CPU = Release|Any CPU
	EndGlobalSection
	GlobalSection(ProjectConfigurationPlatforms) = postSolution
		{0F35172D-CC9D-46A1-89A9-02AE3C7C6FA6}.Debug|Any CPU.ActiveCfg = Debug|Any CPU
		{0F35172D-CC9D-46A1-89A9-02AE3C7C6FA6}.Debug|Any CPU.Build.0 = Debug|Any CPU
		{0F35172D-CC9D-46A1-89A9-02AE3C7C6FA6}.Release|Any CPU.ActiveCfg = Release|Any CPU
		{0F35172D-CC9D-46A1-89A9-02AE3C7C6FA6}.Release|Any CPU.Build.0 = Release|Any CPU
		{154FE4BC-2B4D-497F-B454-EB0B75890497}.Debug|Any CPU.ActiveCfg = Debug|Any CPU
		{154FE4BC-2B4D-497F-B454-EB0B75890497}.Debug|Any CPU.Build.0 = Debug|Any CPU
		{154FE4BC-2B4D-497F-B454-EB0B75890497}.Release|Any CPU.ActiveCfg = Release|Any CPU
		{154FE4BC-2B4D-497F-B454-EB0B75890497}.Release|Any CPU.Build.0 = Release|Any CPU
	EndGlobalSection
	GlobalSection(SolutionProperties) = preSolution
		HideSolutionNode = FALSE
	EndGlobalSection
	GlobalSection(ExtensibilityGlobals) = postSolution
		SolutionGuid = {52687729-448D-4853-ADB7-8D55CC21936D}
	EndGlobalSection
EndGlobal
